#MicroXplorer Configuration settings - do not modify
CAD.formats=[]
CAD.pinconfig=Project naming
CAD.provider=
Dma.Request0=TIM2_CH1
Dma.RequestsNb=1
Dma.TIM2_CH1.0.Direction=DMA_MEMORY_TO_PERIPH
Dma.TIM2_CH1.0.FIFOMode=DMA_FIFOMODE_DISABLE
Dma.TIM2_CH1.0.Instance=DMA1_Stream5
Dma.TIM2_CH1.0.MemDataAlignment=DMA_MDATAALIGN_WORD
Dma.TIM2_CH1.0.MemInc=DMA_MINC_ENABLE
Dma.TIM2_CH1.0.Mode=DMA_NORMAL
Dma.TIM2_CH1.0.PeriphDataAlignment=DMA_PDATAALIGN_WORD
Dma.TIM2_CH1.0.PeriphInc=DMA_PINC_DISABLE
Dma.TIM2_CH1.0.Priority=DMA_PRIORITY_HIGH
Dma.TIM2_CH1.0.RequestParameters=Instance,Direction,PeriphInc,MemInc,PeriphDataAlignment,MemDataAlignment,Mode,Priority,FIFOMode
FREERTOS.FootprintOK=true
FREERTOS.INCLUDE_uxTaskGetStackHighWaterMark=0
FREERTOS.IPParameters=Tasks01,configUSE_NEWLIB_REENTRANT,configMINIMAL_STACK_SIZE,configMAX_TASK_NAME_LEN,FootprintOK,configENABLE_FPU,INCLUDE_uxTaskGetStackHighWaterMark,Queues01,configUSE_TIMERS,configTIMER_TASK_PRIORITY,configTIMER_QUEUE_LENGTH,Timers01,configTIMER_TASK_STACK_DEPTH
FREERTOS.Queues01=ecgGraph1,3,float32_t,0,Dynamic,NULL,NULL;ecgGraph2,3,float32_t,0,Dynamic,NULL,NULL
FREERTOS.Tasks01=GraficarECG,1,256,tarea1,Default,NULL,Dynamic,NULL,NULL;RevisarComandos,1,128,tarea2,Default,NULL,Dynamic,NULL,NULL;RevisarElectrodos,0,128,tarea3,Default,NULL,Dynamic,NULL,NULL;ControlNeopixel,0,128,tarea4,Default,NULL,Dynamic,NULL,NULL;Normalizacion,0,256,tarea5,Default,NULL,Dynamic,NULL,NULL;ControlUSB,1,256,tarea6,Default,NULL,Dynamic,NULL,NULL;LeerADS,2,256,tarea0,Default,NULL,Dynamic,NULL,NULL;Respiracion,0,256,tarea7,Default,NULL,Dynamic,NULL,NULL;FrecuenciaCardiaca,0,256,tarea8,Default,NULL,Dynamic,NULL,NULL;CalcularOffset,1,128,tarea9,Default,NULL,Dynamic,NULL,NULL
FREERTOS.Timers01=timerOne,timerOneCallback,osTimerPeriodic,Default,NULL,Dynamic,NULL
FREERTOS.configENABLE_FPU=1
FREERTOS.configMAX_TASK_NAME_LEN=32
FREERTOS.configMINIMAL_STACK_SIZE=64
FREERTOS.configTIMER_QUEUE_LENGTH=3
FREERTOS.configTIMER_TASK_PRIORITY=5
FREERTOS.configTIMER_TASK_STACK_DEPTH=256
FREERTOS.configUSE_NEWLIB_REENTRANT=1
FREERTOS.configUSE_TIMERS=1
File.Version=6
GPIO.groupedBy=Group By Peripherals
KeepUserPlacement=false
Mcu.CPN=STM32F407VGT6
Mcu.Family=STM32F4
Mcu.IP0=DMA
Mcu.IP1=FREERTOS
Mcu.IP10=USB_OTG_FS
Mcu.IP2=NVIC
Mcu.IP3=RCC
Mcu.IP4=SPI1
Mcu.IP5=SYS
Mcu.IP6=TIM2
Mcu.IP7=TIM13
Mcu.IP8=USART2
Mcu.IP9=USB_DEVICE
Mcu.IPNb=11
Mcu.Name=STM32F407V(E-G)Tx
Mcu.Package=LQFP100
Mcu.Pin0=PE2
Mcu.Pin1=PE3
Mcu.Pin10=PA6
Mcu.Pin11=PA7
Mcu.Pin12=PC4
Mcu.Pin13=PC5
Mcu.Pin14=PB0
Mcu.Pin15=PB1
Mcu.Pin16=PB13
Mcu.Pin17=PB14
Mcu.Pin18=PB15
Mcu.Pin19=PD8
Mcu.Pin2=PE4
Mcu.Pin20=PA11
Mcu.Pin21=PA12
Mcu.Pin22=PA13
Mcu.Pin23=PA14
Mcu.Pin24=PA15
Mcu.Pin25=PD0
Mcu.Pin26=PD5
Mcu.Pin27=PD6
Mcu.Pin28=PD7
Mcu.Pin29=PB9
Mcu.Pin3=PE5
Mcu.Pin30=PE0
Mcu.Pin31=PE1
Mcu.Pin32=VP_FREERTOS_VS_CMSIS_V1
Mcu.Pin33=VP_SYS_VS_tim14
Mcu.Pin34=VP_TIM2_VS_ClockSourceINT
Mcu.Pin35=VP_TIM13_VS_ClockSourceINT
Mcu.Pin36=VP_USB_DEVICE_VS_USB_DEVICE_CDC_FS
Mcu.Pin4=PH0-OSC_IN
Mcu.Pin5=PH1-OSC_OUT
Mcu.Pin6=PA2
Mcu.Pin7=PA3
Mcu.Pin8=PA4
Mcu.Pin9=PA5
Mcu.PinsNb=37
Mcu.ThirdPartyNb=0
Mcu.UserConstants=
Mcu.UserName=STM32F407VGTx
MxCube.Version=6.10.0
MxDb.Version=DB.6.0.100
NVIC.BusFault_IRQn=true\:0\:0\:false\:false\:true\:false\:false\:false\:false
NVIC.DMA1_Stream5_IRQn=true\:5\:0\:false\:false\:true\:true\:false\:true\:true
NVIC.DebugMonitor_IRQn=true\:0\:0\:false\:false\:true\:false\:false\:false\:false
NVIC.EXTI1_IRQn=true\:5\:0\:false\:false\:true\:true\:true\:true\:true
NVIC.EXTI4_IRQn=true\:5\:0\:false\:false\:true\:true\:true\:true\:true
NVIC.EXTI9_5_IRQn=true\:5\:0\:false\:false\:true\:true\:true\:true\:true
NVIC.ForceEnableDMAVector=true
NVIC.HardFault_IRQn=true\:0\:0\:false\:false\:true\:false\:false\:false\:false
NVIC.MemoryManagement_IRQn=true\:0\:0\:false\:false\:true\:false\:false\:false\:false
NVIC.NonMaskableInt_IRQn=true\:0\:0\:false\:false\:true\:false\:false\:false\:false
NVIC.OTG_FS_IRQn=true\:5\:0\:false\:false\:true\:true\:false\:true\:true
NVIC.PendSV_IRQn=true\:15\:0\:false\:false\:false\:true\:false\:false\:false
NVIC.PriorityGroup=NVIC_PRIORITYGROUP_4
NVIC.SPI1_IRQn=true\:5\:0\:false\:false\:true\:true\:true\:true\:true
NVIC.SVCall_IRQn=true\:0\:0\:false\:false\:false\:false\:false\:false\:false
NVIC.SavedPendsvIrqHandlerGenerated=true
NVIC.SavedSvcallIrqHandlerGenerated=true
NVIC.SavedSystickIrqHandlerGenerated=true
NVIC.SysTick_IRQn=true\:15\:0\:false\:false\:false\:true\:false\:true\:false
NVIC.TIM8_TRG_COM_TIM14_IRQn=true\:15\:0\:false\:false\:true\:false\:false\:true\:true
NVIC.TimeBase=TIM8_TRG_COM_TIM14_IRQn
NVIC.TimeBaseIP=TIM14
NVIC.USART2_IRQn=true\:5\:0\:false\:false\:true\:true\:true\:true\:true
NVIC.UsageFault_IRQn=true\:0\:0\:false\:false\:true\:false\:false\:false\:false
PA11.Mode=Device_Only
PA11.Signal=USB_OTG_FS_DM
PA12.Mode=Device_Only
PA12.Signal=USB_OTG_FS_DP
PA13.Mode=Serial_Wire
PA13.Signal=SYS_JTMS-SWDIO
PA14.Mode=Serial_Wire
PA14.Signal=SYS_JTCK-SWCLK
PA15.Locked=true
PA15.Signal=S_TIM2_CH1_ETR
PA2.Mode=Asynchronous
PA2.Signal=USART2_TX
PA3.Mode=Asynchronous
PA3.Signal=USART2_RX
PA4.GPIOParameters=PinState,GPIO_Label
PA4.GPIO_Label=SPI1_CS
PA4.Locked=true
PA4.PinState=GPIO_PIN_SET
PA4.Signal=GPIO_Output
PA5.Locked=true
PA5.Mode=Full_Duplex_Master
PA5.Signal=SPI1_SCK
PA6.Locked=true
PA6.Mode=Full_Duplex_Master
PA6.Signal=SPI1_MISO
PA7.Locked=true
PA7.Mode=Full_Duplex_Master
PA7.Signal=SPI1_MOSI
PB0.GPIOParameters=GPIO_Speed,GPIO_Label
PB0.GPIO_Label=ADS_RST
PB0.GPIO_Speed=GPIO_SPEED_FREQ_VERY_HIGH
PB0.Locked=true
PB0.Signal=GPIO_Output
PB1.GPIOParameters=GPIO_PuPd,GPIO_Label,GPIO_ModeDefaultEXTI
PB1.GPIO_Label=INTERUPT1
PB1.GPIO_ModeDefaultEXTI=GPIO_MODE_IT_FALLING
PB1.GPIO_PuPd=GPIO_PULLUP
PB1.Locked=true
PB1.Signal=GPXTI1
PB13.GPIOParameters=GPIO_PuPd
PB13.GPIO_PuPd=GPIO_PULLUP
PB13.Locked=true
PB13.Signal=SPI2_SCK
PB14.GPIOParameters=GPIO_PuPd
PB14.GPIO_PuPd=GPIO_PULLUP
PB14.Locked=true
PB14.Signal=SPI2_MISO
PB15.GPIOParameters=GPIO_PuPd
PB15.GPIO_PuPd=GPIO_PULLUP
PB15.Locked=true
PB15.Signal=SPI2_MOSI
PB9.GPIOParameters=GPIO_PuPd,GPIO_Label,GPIO_ModeDefaultEXTI
PB9.GPIO_Label=INT_BATT
PB9.GPIO_ModeDefaultEXTI=GPIO_MODE_IT_FALLING
PB9.GPIO_PuPd=GPIO_PULLUP
PB9.Locked=true
PB9.Signal=GPXTI9
PC4.GPIOParameters=GPIO_PuPd,GPIO_Label,GPIO_ModeDefaultEXTI
PC4.GPIO_Label=SPI1_DRDY
PC4.GPIO_ModeDefaultEXTI=GPIO_MODE_IT_FALLING
PC4.GPIO_PuPd=GPIO_PULLUP
PC4.Locked=true
PC4.Signal=GPXTI4
PC5.GPIOParameters=PinState,GPIO_Label,GPIO_ModeDefaultOutputPP
PC5.GPIO_Label=SPI1_START
PC5.GPIO_ModeDefaultOutputPP=GPIO_MODE_OUTPUT_PP
PC5.Locked=true
PC5.PinState=GPIO_PIN_RESET
PC5.Signal=GPIO_Output
PD0.GPIOParameters=GPIO_Label
PD0.GPIO_Label=MK_Reset
PD0.Locked=true
PD0.Signal=GPIO_Output
PD5.GPIOParameters=PinState,GPIO_PuPd,GPIO_Label
PD5.GPIO_Label=IN_1
PD5.GPIO_PuPd=GPIO_PULLUP
PD5.Locked=true
PD5.PinState=GPIO_PIN_SET
PD5.Signal=GPIO_Output
PD6.GPIOParameters=GPIO_Label
PD6.GPIO_Label=IN_4
PD6.Locked=true
PD6.Signal=GPIO_Output
PD7.GPIOParameters=GPIO_Label
PD7.GPIO_Label=IN_2
PD7.Locked=true
PD7.Signal=GPIO_Output
PD8.GPIOParameters=GPIO_Label
PD8.GPIO_Label=IN_3
PD8.Locked=true
PD8.Signal=GPIO_Output
PE0.GPIOParameters=PinState,GPIO_Label
PE0.GPIO_Label=RGB_B1
PE0.Locked=true
PE0.PinState=GPIO_PIN_SET
PE0.Signal=GPIO_Output
PE1.GPIOParameters=PinState,GPIO_Label
PE1.GPIO_Label=RGB_G1
PE1.Locked=true
PE1.PinState=GPIO_PIN_SET
PE1.Signal=GPIO_Output
PE2.GPIOParameters=PinState,GPIO_Label
PE2.GPIO_Label=RGB_R1
PE2.Locked=true
PE2.PinState=GPIO_PIN_SET
PE2.Signal=GPIO_Output
PE3.GPIOParameters=PinState,GPIO_Label
PE3.GPIO_Label=RGB_B2
PE3.Locked=true
PE3.PinState=GPIO_PIN_SET
PE3.Signal=GPIO_Output
PE4.GPIOParameters=PinState,GPIO_Label
PE4.GPIO_Label=RGB_G2
PE4.Locked=true
PE4.PinState=GPIO_PIN_SET
PE4.Signal=GPIO_Output
PE5.GPIOParameters=PinState,GPIO_Label
PE5.GPIO_Label=RGB_R2
PE5.Locked=true
PE5.PinState=GPIO_PIN_SET
PE5.Signal=GPIO_Output
PH0-OSC_IN.Mode=HSE-External-Oscillator
PH0-OSC_IN.Signal=RCC_OSC_IN
PH1-OSC_OUT.Mode=HSE-External-Oscillator
PH1-OSC_OUT.Signal=RCC_OSC_OUT
PinOutPanel.RotationAngle=0
ProjectManager.AskForMigrate=true
ProjectManager.BackupPrevious=true
ProjectManager.CompilerOptimize=6
ProjectManager.ComputerToolchain=false
ProjectManager.CoupleFile=true
ProjectManager.CustomerFirmwarePackage=
ProjectManager.DefaultFWLocation=true
ProjectManager.DeletePrevious=true
ProjectManager.DeviceId=STM32F407VGTx
ProjectManager.FirmwarePackage=STM32Cube FW_F4 V1.27.1
ProjectManager.FreePins=true
ProjectManager.HalAssertFull=true
ProjectManager.HeapSize=0x200
ProjectManager.KeepUserCode=true
ProjectManager.LastFirmware=true
ProjectManager.LibraryCopy=1
ProjectManager.MainLocation=Core/Src
ProjectManager.NoMain=false
ProjectManager.PreviousToolchain=
ProjectManager.ProjectBuild=false
ProjectManager.ProjectFileName=msv_ECG.ioc
ProjectManager.ProjectName=msv_ECG
ProjectManager.ProjectStructure=
ProjectManager.RegisterCallBack=
ProjectManager.StackSize=0x400
ProjectManager.TargetToolchain=STM32CubeIDE
ProjectManager.ToolChainLocation=
ProjectManager.UAScriptAfterPath=
ProjectManager.UAScriptBeforePath=
ProjectManager.UnderRoot=true
ProjectManager.functionlistsort=1-SystemClock_Config-RCC-false-HAL-false,2-MX_GPIO_Init-GPIO-false-HAL-true,3-MX_DMA_Init-DMA-false-HAL-true,4-MX_USB_DEVICE_Init-USB_DEVICE-false-HAL-false,5-MX_SPI1_Init-SPI1-false-HAL-true,6-MX_TIM13_Init-TIM13-false-HAL-true,7-MX_TIM2_Init-TIM2-false-HAL-true,8-MX_USART2_UART_Init-USART2-false-HAL-true
RCC.48MHZClocksFreq_Value=48000000
RCC.AHBFreq_Value=168000000
RCC.APB1CLKDivider=RCC_HCLK_DIV4
RCC.APB1Freq_Value=42000000
RCC.APB1TimFreq_Value=84000000
RCC.APB2CLKDivider=RCC_HCLK_DIV2
RCC.APB2Freq_Value=84000000
RCC.APB2TimFreq_Value=168000000
RCC.CortexFreq_Value=168000000
RCC.EthernetFreq_Value=168000000
RCC.FCLKCortexFreq_Value=168000000
RCC.FamilyName=M
RCC.HCLKFreq_Value=168000000
RCC.HSE_VALUE=8000000
RCC.HSI_VALUE=16000000
RCC.I2SClocksFreq_Value=192000000
RCC.IPParameters=48MHZClocksFreq_Value,AHBFreq_Value,APB1CLKDivider,APB1Freq_Value,APB1TimFreq_Value,APB2CLKDivider,APB2Freq_Value,APB2TimFreq_Value,CortexFreq_Value,EthernetFreq_Value,FCLKCortexFreq_Value,FamilyName,HCLKFreq_Value,HSE_VALUE,HSI_VALUE,I2SClocksFreq_Value,LSE_VALUE,LSI_VALUE,MCO2PinFreq_Value,PLLCLKFreq_Value,PLLM,PLLN,PLLQ,PLLQCLKFreq_Value,RTCFreq_Value,RTCHSEDivFreq_Value,SYSCLKFreq_VALUE,SYSCLKSource,VCOI2SOutputFreq_Value,VCOInputFreq_Value,VCOOutputFreq_Value,VcooutputI2S
RCC.LSE_VALUE=32768
RCC.LSI_VALUE=32000
RCC.MCO2PinFreq_Value=168000000
RCC.PLLCLKFreq_Value=168000000
RCC.PLLM=4
RCC.PLLN=168
RCC.PLLQ=7
RCC.PLLQCLKFreq_Value=48000000
RCC.RTCFreq_Value=32000
RCC.RTCHSEDivFreq_Value=4000000
RCC.SYSCLKFreq_VALUE=168000000
RCC.SYSCLKSource=RCC_SYSCLKSOURCE_PLLCLK
RCC.VCOI2SOutputFreq_Value=384000000
RCC.VCOInputFreq_Value=2000000
RCC.VCOOutputFreq_Value=336000000
RCC.VcooutputI2S=192000000
SH.GPXTI1.0=GPIO_EXTI1
SH.GPXTI1.ConfNb=1
SH.GPXTI4.0=GPIO_EXTI4
SH.GPXTI4.ConfNb=1
SH.GPXTI9.0=GPIO_EXTI9
SH.GPXTI9.ConfNb=1
SH.S_TIM2_CH1_ETR.0=TIM2_CH1,PWM Generation1 CH1
SH.S_TIM2_CH1_ETR.ConfNb=1
SPI1.BaudRatePrescaler=SPI_BAUDRATEPRESCALER_32
SPI1.CLKPhase=SPI_PHASE_2EDGE
SPI1.CalculateBaudRate=2.625 MBits/s
SPI1.Direction=SPI_DIRECTION_2LINES
SPI1.IPParameters=VirtualType,Mode,Direction,CalculateBaudRate,BaudRatePrescaler,CLKPhase
SPI1.Mode=SPI_MODE_MASTER
SPI1.VirtualType=VM_MASTER
TIM13.IPParameters=Prescaler,Period
TIM13.Period=0xffff
TIM13.Prescaler=42-1
TIM2.Channel-PWM\ Generation1\ CH1=TIM_CHANNEL_1
TIM2.IPParameters=Channel-PWM Generation1 CH1,Period
TIM2.Period=104
USART2.IPParameters=VirtualMode
USART2.VirtualMode=VM_ASYNC
USB_DEVICE.CLASS_NAME_FS=CDC
USB_DEVICE.IPParameters=VirtualMode-CDC_FS,VirtualModeFS,CLASS_NAME_FS
USB_DEVICE.VirtualMode-CDC_FS=Cdc
USB_DEVICE.VirtualModeFS=Cdc_FS
USB_OTG_FS.IPParameters=VirtualMode
USB_OTG_FS.VirtualMode=Device_Only
VP_FREERTOS_VS_CMSIS_V1.Mode=CMSIS_V1
VP_FREERTOS_VS_CMSIS_V1.Signal=FREERTOS_VS_CMSIS_V1
VP_SYS_VS_tim14.Mode=TIM14
VP_SYS_VS_tim14.Signal=SYS_VS_tim14
VP_TIM13_VS_ClockSourceINT.Mode=Enable_Timer
VP_TIM13_VS_ClockSourceINT.Signal=TIM13_VS_ClockSourceINT
VP_TIM2_VS_ClockSourceINT.Mode=Internal
VP_TIM2_VS_ClockSourceINT.Signal=TIM2_VS_ClockSourceINT
VP_USB_DEVICE_VS_USB_DEVICE_CDC_FS.Mode=CDC_FS
VP_USB_DEVICE_VS_USB_DEVICE_CDC_FS.Signal=USB_DEVICE_VS_USB_DEVICE_CDC_FS
board=custom
rtos.0.ip=FREERTOS
isbadioc=false
